
Microsoft Visual Studio Solution File, Format Version 12.00
# Visual Studio 14
VisualStudioVersion = 14.0.23107.0
MinimumVisualStudioVersion = 10.0.40219.1
Project("{FAE04EC0-301F-11D3-BF4B-00C04F79EFBC}") = "GUI", "CommunityTransport\GUI.csproj", "{7F9200A6-7515-4192-9F81-300CAC1E6318}"
EndProject
Project("{FAE04EC0-301F-11D3-BF4B-00C04F79EFBC}") = "Data", "Data\Data.csproj", "{37D5126F-D1EF-4213-87AB-0F2DBA01FBD6}"
EndProject
Project("{FAE04EC0-301F-11D3-BF4B-00C04F79EFBC}") = "Domain", "Domain\Domain.csproj", "{0B2CA307-3C22-4917-B8AB-4C6ACB9291D9}"
EndProject
Project("{FAE04EC0-301F-11D3-BF4B-00C04F79EFBC}") = "Service", "Service\Service.csproj", "{532908A7-0FC8-4650-BE7A-F3DC6826B1FF}"
EndProject
Global
	GlobalSection(SolutionConfigurationPlatforms) = preSolution
		Debug|Any CPU = Debug|Any CPU
		Release|Any CPU = Release|Any CPU
	EndGlobalSection
	GlobalSection(ProjectConfigurationPlatforms) = postSolution
		{7F9200A6-7515-4192-9F81-300CAC1E6318}.Debug|Any CPU.ActiveCfg = Debug|Any CPU
		{7F9200A6-7515-4192-9F81-300CAC1E6318}.Debug|Any CPU.Build.0 = Debug|Any CPU
		{7F9200A6-7515-4192-9F81-300CAC1E6318}.Release|Any CPU.ActiveCfg = Release|Any CPU
		{7F9200A6-7515-4192-9F81-300CAC1E6318}.Release|Any CPU.Build.0 = Release|Any CPU
		{37D5126F-D1EF-4213-87AB-0F2DBA01FBD6}.Debug|Any CPU.ActiveCfg = Debug|Any CPU
		{37D5126F-D1EF-4213-87AB-0F2DBA01FBD6}.Debug|Any CPU.Build.0 = Debug|Any CPU
		{37D5126F-D1EF-4213-87AB-0F2DBA01FBD6}.Release|Any CPU.ActiveCfg = Release|Any CPU
		{37D5126F-D1EF-4213-87AB-0F2DBA01FBD6}.Release|Any CPU.Build.0 = Release|Any CPU
		{0B2CA307-3C22-4917-B8AB-4C6ACB9291D9}.Debug|Any CPU.ActiveCfg = Debug|Any CPU
		{0B2CA307-3C22-4917-B8AB-4C6ACB9291D9}.Debug|Any CPU.Build.0 = Debug|Any CPU
		{0B2CA307-3C22-4917-B8AB-4C6ACB9291D9}.Release|Any CPU.ActiveCfg = Release|Any CPU
		{0B2CA307-3C22-4917-B8AB-4C6ACB9291D9}.Release|Any CPU.Build.0 = Release|Any CPU
		{532908A7-0FC8-4650-BE7A-F3DC6826B1FF}.Debug|Any CPU.ActiveCfg = Debug|Any CPU
		{532908A7-0FC8-4650-BE7A-F3DC6826B1FF}.Debug|Any CPU.Build.0 = Debug|Any CPU
		{532908A7-0FC8-4650-BE7A-F3DC6826B1FF}.Release|Any CPU.ActiveCfg = Release|Any CPU
		{532908A7-0FC8-4650-BE7A-F3DC6826B1FF}.Release|Any CPU.Build.0 = Release|Any CPU
	EndGlobalSection
	GlobalSection(SolutionProperties) = preSolution
		HideSolutionNode = FALSE
	EndGlobalSection
EndGlobal
